// !$*UTF8*$!
{
	archiveVersion = 1;
	classes = {
	};
	objectVersion = 51;
	objects = {

/* Begin PBXBuildFile section */
		09163A4B26D7FBB600897A82 /* TextField+extension.swift in Sources */ = {isa = PBXBuildFile; fileRef = 09163A4A26D7FBB600897A82 /* TextField+extension.swift */; };
		09163A4D26DD84E800897A82 /* RemoveProfileImageDelegate.swift in Sources */ = {isa = PBXBuildFile; fileRef = 09163A4C26DD84E800897A82 /* RemoveProfileImageDelegate.swift */; };
		09163A4F26DE6C1200897A82 /* SignupError.swift in Sources */ = {isa = PBXBuildFile; fileRef = 09163A4E26DE6C1200897A82 /* SignupError.swift */; };
		09163A5326E723B600897A82 /* ForgotLoginError.swift in Sources */ = {isa = PBXBuildFile; fileRef = 09163A5226E723B600897A82 /* ForgotLoginError.swift */; };
		091B910E26E7EF1E004C76A3 /* GoogleService-Info.plist in Resources */ = {isa = PBXBuildFile; fileRef = 091B910D26E7EF1E004C76A3 /* GoogleService-Info.plist */; };
		09A62F3F26C3B0A500D0B6AB /* ForgotLoginDelegate.swift in Sources */ = {isa = PBXBuildFile; fileRef = 09A62F3E26C3B0A500D0B6AB /* ForgotLoginDelegate.swift */; };
		09A62F4126C4882600D0B6AB /* SignupDelegate.swift in Sources */ = {isa = PBXBuildFile; fileRef = 09A62F4026C4882600D0B6AB /* SignupDelegate.swift */; };
		09A62F4326C4D0CA00D0B6AB /* SignupViewController.swift in Sources */ = {isa = PBXBuildFile; fileRef = 09A62F4226C4D0CA00D0B6AB /* SignupViewController.swift */; };
		09A62F4526C4D19000D0B6AB /* ForgotLoginViewController.swift in Sources */ = {isa = PBXBuildFile; fileRef = 09A62F4426C4D19000D0B6AB /* ForgotLoginViewController.swift */; };
		09A62F4D26CCCC5300D0B6AB /* imageView+extension.swift in Sources */ = {isa = PBXBuildFile; fileRef = 09A62F4C26CCCC5300D0B6AB /* imageView+extension.swift */; };
		09A62F4F26CD49F300D0B6AB /* Alert.swift in Sources */ = {isa = PBXBuildFile; fileRef = 09A62F4E26CD49F300D0B6AB /* Alert.swift */; };
		09A62F5126CD650F00D0B6AB /* ImagePickerState.swift in Sources */ = {isa = PBXBuildFile; fileRef = 09A62F5026CD650F00D0B6AB /* ImagePickerState.swift */; };
		09A62F5426CD855D00D0B6AB /* ProfileImageError.swift in Sources */ = {isa = PBXBuildFile; fileRef = 09A62F5326CD855D00D0B6AB /* ProfileImageError.swift */; };
		09A62F5626CED17000D0B6AB /* SignUpViewControllerViewModel.swift in Sources */ = {isa = PBXBuildFile; fileRef = 09A62F5526CED17000D0B6AB /* SignUpViewControllerViewModel.swift */; };
		09A62F5826CEE34300D0B6AB /* ClientSignupView.xib in Resources */ = {isa = PBXBuildFile; fileRef = 09A62F5726CEE34300D0B6AB /* ClientSignupView.xib */; };
		09A62F5A26D0C16B00D0B6AB /* ClientSignupView.swift in Sources */ = {isa = PBXBuildFile; fileRef = 09A62F5926D0C16B00D0B6AB /* ClientSignupView.swift */; };
		09A62F6026D1D1CA00D0B6AB /* SignupState.swift in Sources */ = {isa = PBXBuildFile; fileRef = 09A62F5F26D1D1CA00D0B6AB /* SignupState.swift */; };
		09A62F6826D2AE2500D0B6AB /* SPSignupView.xib in Resources */ = {isa = PBXBuildFile; fileRef = 09A62F6726D2AE2500D0B6AB /* SPSignupView.xib */; };
		09A62F6A26D2AE5900D0B6AB /* SPSignupView.swift in Sources */ = {isa = PBXBuildFile; fileRef = 09A62F6926D2AE5900D0B6AB /* SPSignupView.swift */; };
		09EBDE6726BB2BD1003A060B /* AppDelegate.swift in Sources */ = {isa = PBXBuildFile; fileRef = 09EBDE6626BB2BD1003A060B /* AppDelegate.swift */; };
		09EBDE6926BB2BD1003A060B /* SceneDelegate.swift in Sources */ = {isa = PBXBuildFile; fileRef = 09EBDE6826BB2BD1003A060B /* SceneDelegate.swift */; };
		09EBDE6B26BB2BD1003A060B /* LoginViewController.swift in Sources */ = {isa = PBXBuildFile; fileRef = 09EBDE6A26BB2BD1003A060B /* LoginViewController.swift */; };
		09EBDE6E26BB2BD1003A060B /* Main.storyboard in Resources */ = {isa = PBXBuildFile; fileRef = 09EBDE6C26BB2BD1003A060B /* Main.storyboard */; };
		09EBDE7026BB2BD1003A060B /* Assets.xcassets in Resources */ = {isa = PBXBuildFile; fileRef = 09EBDE6F26BB2BD1003A060B /* Assets.xcassets */; };
		09EBDE7326BB2BD1003A060B /* LaunchScreen.storyboard in Resources */ = {isa = PBXBuildFile; fileRef = 09EBDE7126BB2BD1003A060B /* LaunchScreen.storyboard */; };
		09EBDE7E26BB2BD2003A060B /* ClientQueueV_3Tests.swift in Sources */ = {isa = PBXBuildFile; fileRef = 09EBDE7D26BB2BD2003A060B /* ClientQueueV_3Tests.swift */; };
		09EBDE8926BB2BD2003A060B /* ClientQueueV_3UITests.swift in Sources */ = {isa = PBXBuildFile; fileRef = 09EBDE8826BB2BD2003A060B /* ClientQueueV_3UITests.swift */; };
		09EBDE9E26BC2DB6003A060B /* LoginView.swift in Sources */ = {isa = PBXBuildFile; fileRef = 09EBDE9D26BC2DB6003A060B /* LoginView.swift */; };
		09EBDEA026BC2DD3003A060B /* LoginView.xib in Resources */ = {isa = PBXBuildFile; fileRef = 09EBDE9F26BC2DD3003A060B /* LoginView.xib */; };
		09EBDEA326BCC0E7003A060B /* ColorPallete.swift in Sources */ = {isa = PBXBuildFile; fileRef = 09EBDEA226BCC0E7003A060B /* ColorPallete.swift */; };
		09EBDEA626BCF08B003A060B /* LoginError.swift in Sources */ = {isa = PBXBuildFile; fileRef = 09EBDEA526BCF08B003A060B /* LoginError.swift */; };
		09EBDEAB26BD8888003A060B /* String+Extensions.swift in Sources */ = {isa = PBXBuildFile; fileRef = 09EBDEAA26BD8888003A060B /* String+Extensions.swift */; };
		09EBDEAE26BD8B5B003A060B /* LoginViewControllerViewModel.swift in Sources */ = {isa = PBXBuildFile; fileRef = 09EBDEAD26BD8B5B003A060B /* LoginViewControllerViewModel.swift */; };
		09EBDEB026BF8909003A060B /* LoginValidation.swift in Sources */ = {isa = PBXBuildFile; fileRef = 09EBDEAF26BF8909003A060B /* LoginValidation.swift */; };
		09F75C1626E8CBE100B25FD5 /* ClientMainViewController.swift in Sources */ = {isa = PBXBuildFile; fileRef = 09F75C1526E8CBE100B25FD5 /* ClientMainViewController.swift */; };
		09F75C1826E8CC1400B25FD5 /* ServicePrividerMainViewController.swift in Sources */ = {isa = PBXBuildFile; fileRef = 09F75C1726E8CC1400B25FD5 /* ServicePrividerMainViewController.swift */; };
		09F75C1A26E8CEE300B25FD5 /* UserType.swift in Sources */ = {isa = PBXBuildFile; fileRef = 09F75C1926E8CEE300B25FD5 /* UserType.swift */; };
		09F75C1F26E942B700B25FD5 /* LogoutButtonView.swift in Sources */ = {isa = PBXBuildFile; fileRef = 09F75C1E26E942B700B25FD5 /* LogoutButtonView.swift */; };
		09F75C2126E942DB00B25FD5 /* LogoutButtonView.xib in Resources */ = {isa = PBXBuildFile; fileRef = 09F75C2026E942DB00B25FD5 /* LogoutButtonView.xib */; };
		09F75C2326E95B0600B25FD5 /* LogoutDelegate.swift in Sources */ = {isa = PBXBuildFile; fileRef = 09F75C2226E95B0600B25FD5 /* LogoutDelegate.swift */; };
		09F75C2526E9A3BF00B25FD5 /* Authenticate.swift in Sources */ = {isa = PBXBuildFile; fileRef = 09F75C2426E9A3BF00B25FD5 /* Authenticate.swift */; };
		09F75C2726E9A5D800B25FD5 /* SignoutError.swift in Sources */ = {isa = PBXBuildFile; fileRef = 09F75C2626E9A5D800B25FD5 /* SignoutError.swift */; };
		09F75C2926EA2B2200B25FD5 /* GenderType.swift in Sources */ = {isa = PBXBuildFile; fileRef = 09F75C2826EA2B2200B25FD5 /* GenderType.swift */; };
		09F75C2C26EE663600B25FD5 /* DataAccess.swift in Sources */ = {isa = PBXBuildFile; fileRef = 09F75C2B26EE663600B25FD5 /* DataAccess.swift */; };
		0C160A5735919B9022804744 /* Pods_ClientQueueV_3_ClientQueueV_3UITests.framework in Frameworks */ = {isa = PBXBuildFile; fileRef = 45FD604894C53945A0B6AB33 /* Pods_ClientQueueV_3_ClientQueueV_3UITests.framework */; };
		0D7C16FD1AE7BA2415D997CD /* Pods_ClientQueueV_3.framework in Frameworks */ = {isa = PBXBuildFile; fileRef = E2C5A120B68078D019A39225 /* Pods_ClientQueueV_3.framework */; };
		F08B21B7CAA7033139D4C44C /* Pods_ClientQueueV_3Tests.framework in Frameworks */ = {isa = PBXBuildFile; fileRef = 02BB2D224A36D5CB9463C6F3 /* Pods_ClientQueueV_3Tests.framework */; };
/* End PBXBuildFile section */

/* Begin PBXContainerItemProxy section */
		09EBDE7A26BB2BD2003A060B /* PBXContainerItemProxy */ = {
			isa = PBXContainerItemProxy;
			containerPortal = 09EBDE5B26BB2BD0003A060B /* Project object */;
			proxyType = 1;
			remoteGlobalIDString = 09EBDE6226BB2BD1003A060B;
			remoteInfo = ClientQueueV_3;
		};
		09EBDE8526BB2BD2003A060B /* PBXContainerItemProxy */ = {
			isa = PBXContainerItemProxy;
			containerPortal = 09EBDE5B26BB2BD0003A060B /* Project object */;
			proxyType = 1;
			remoteGlobalIDString = 09EBDE6226BB2BD1003A060B;
			remoteInfo = ClientQueueV_3;
		};
/* End PBXContainerItemProxy section */

/* Begin PBXFileReference section */
		02BB2D224A36D5CB9463C6F3 /* Pods_ClientQueueV_3Tests.framework */ = {isa = PBXFileReference; explicitFileType = wrapper.framework; includeInIndex = 0; path = Pods_ClientQueueV_3Tests.framework; sourceTree = BUILT_PRODUCTS_DIR; };
		09163A4A26D7FBB600897A82 /* TextField+extension.swift */ = {isa = PBXFileReference; lastKnownFileType = sourcecode.swift; path = "TextField+extension.swift"; sourceTree = "<group>"; };
		09163A4C26DD84E800897A82 /* RemoveProfileImageDelegate.swift */ = {isa = PBXFileReference; lastKnownFileType = sourcecode.swift; path = RemoveProfileImageDelegate.swift; sourceTree = "<group>"; };
		09163A4E26DE6C1200897A82 /* SignupError.swift */ = {isa = PBXFileReference; lastKnownFileType = sourcecode.swift; path = SignupError.swift; sourceTree = "<group>"; };
		09163A5226E723B600897A82 /* ForgotLoginError.swift */ = {isa = PBXFileReference; lastKnownFileType = sourcecode.swift; path = ForgotLoginError.swift; sourceTree = "<group>"; };
		091B910D26E7EF1E004C76A3 /* GoogleService-Info.plist */ = {isa = PBXFileReference; fileEncoding = 4; lastKnownFileType = text.plist.xml; path = "GoogleService-Info.plist"; sourceTree = "<group>"; };
		09A62F3E26C3B0A500D0B6AB /* ForgotLoginDelegate.swift */ = {isa = PBXFileReference; lastKnownFileType = sourcecode.swift; path = ForgotLoginDelegate.swift; sourceTree = "<group>"; };
		09A62F4026C4882600D0B6AB /* SignupDelegate.swift */ = {isa = PBXFileReference; lastKnownFileType = sourcecode.swift; path = SignupDelegate.swift; sourceTree = "<group>"; };
		09A62F4226C4D0CA00D0B6AB /* SignupViewController.swift */ = {isa = PBXFileReference; lastKnownFileType = sourcecode.swift; path = SignupViewController.swift; sourceTree = "<group>"; };
		09A62F4426C4D19000D0B6AB /* ForgotLoginViewController.swift */ = {isa = PBXFileReference; lastKnownFileType = sourcecode.swift; path = ForgotLoginViewController.swift; sourceTree = "<group>"; };
		09A62F4C26CCCC5300D0B6AB /* imageView+extension.swift */ = {isa = PBXFileReference; lastKnownFileType = sourcecode.swift; path = "imageView+extension.swift"; sourceTree = "<group>"; };
		09A62F4E26CD49F300D0B6AB /* Alert.swift */ = {isa = PBXFileReference; lastKnownFileType = sourcecode.swift; path = Alert.swift; sourceTree = "<group>"; };
		09A62F5026CD650F00D0B6AB /* ImagePickerState.swift */ = {isa = PBXFileReference; lastKnownFileType = sourcecode.swift; path = ImagePickerState.swift; sourceTree = "<group>"; };
		09A62F5326CD855D00D0B6AB /* ProfileImageError.swift */ = {isa = PBXFileReference; lastKnownFileType = sourcecode.swift; path = ProfileImageError.swift; sourceTree = "<group>"; };
		09A62F5526CED17000D0B6AB /* SignUpViewControllerViewModel.swift */ = {isa = PBXFileReference; lastKnownFileType = sourcecode.swift; path = SignUpViewControllerViewModel.swift; sourceTree = "<group>"; };
		09A62F5726CEE34300D0B6AB /* ClientSignupView.xib */ = {isa = PBXFileReference; lastKnownFileType = file.xib; path = ClientSignupView.xib; sourceTree = "<group>"; };
		09A62F5926D0C16B00D0B6AB /* ClientSignupView.swift */ = {isa = PBXFileReference; lastKnownFileType = sourcecode.swift; path = ClientSignupView.swift; sourceTree = "<group>"; };
		09A62F5F26D1D1CA00D0B6AB /* SignupState.swift */ = {isa = PBXFileReference; lastKnownFileType = sourcecode.swift; path = SignupState.swift; sourceTree = "<group>"; };
		09A62F6726D2AE2500D0B6AB /* SPSignupView.xib */ = {isa = PBXFileReference; lastKnownFileType = file.xib; path = SPSignupView.xib; sourceTree = "<group>"; };
		09A62F6926D2AE5900D0B6AB /* SPSignupView.swift */ = {isa = PBXFileReference; lastKnownFileType = sourcecode.swift; path = SPSignupView.swift; sourceTree = "<group>"; };
		09EBDE6326BB2BD1003A060B /* ClientQueueV_3.app */ = {isa = PBXFileReference; explicitFileType = wrapper.application; includeInIndex = 0; path = ClientQueueV_3.app; sourceTree = BUILT_PRODUCTS_DIR; };
		09EBDE6626BB2BD1003A060B /* AppDelegate.swift */ = {isa = PBXFileReference; lastKnownFileType = sourcecode.swift; path = AppDelegate.swift; sourceTree = "<group>"; };
		09EBDE6826BB2BD1003A060B /* SceneDelegate.swift */ = {isa = PBXFileReference; lastKnownFileType = sourcecode.swift; path = SceneDelegate.swift; sourceTree = "<group>"; };
		09EBDE6A26BB2BD1003A060B /* LoginViewController.swift */ = {isa = PBXFileReference; lastKnownFileType = sourcecode.swift; path = LoginViewController.swift; sourceTree = "<group>"; };
		09EBDE6D26BB2BD1003A060B /* Base */ = {isa = PBXFileReference; lastKnownFileType = file.storyboard; name = Base; path = Base.lproj/Main.storyboard; sourceTree = "<group>"; };
		09EBDE6F26BB2BD1003A060B /* Assets.xcassets */ = {isa = PBXFileReference; lastKnownFileType = folder.assetcatalog; path = Assets.xcassets; sourceTree = "<group>"; };
		09EBDE7226BB2BD1003A060B /* Base */ = {isa = PBXFileReference; lastKnownFileType = file.storyboard; name = Base; path = Base.lproj/LaunchScreen.storyboard; sourceTree = "<group>"; };
		09EBDE7426BB2BD1003A060B /* Info.plist */ = {isa = PBXFileReference; lastKnownFileType = text.plist.xml; path = Info.plist; sourceTree = "<group>"; };
		09EBDE7926BB2BD2003A060B /* ClientQueueV_3Tests.xctest */ = {isa = PBXFileReference; explicitFileType = wrapper.cfbundle; includeInIndex = 0; path = ClientQueueV_3Tests.xctest; sourceTree = BUILT_PRODUCTS_DIR; };
		09EBDE7D26BB2BD2003A060B /* ClientQueueV_3Tests.swift */ = {isa = PBXFileReference; lastKnownFileType = sourcecode.swift; path = ClientQueueV_3Tests.swift; sourceTree = "<group>"; };
		09EBDE7F26BB2BD2003A060B /* Info.plist */ = {isa = PBXFileReference; lastKnownFileType = text.plist.xml; path = Info.plist; sourceTree = "<group>"; };
		09EBDE8426BB2BD2003A060B /* ClientQueueV_3UITests.xctest */ = {isa = PBXFileReference; explicitFileType = wrapper.cfbundle; includeInIndex = 0; path = ClientQueueV_3UITests.xctest; sourceTree = BUILT_PRODUCTS_DIR; };
		09EBDE8826BB2BD2003A060B /* ClientQueueV_3UITests.swift */ = {isa = PBXFileReference; lastKnownFileType = sourcecode.swift; path = ClientQueueV_3UITests.swift; sourceTree = "<group>"; };
		09EBDE8A26BB2BD2003A060B /* Info.plist */ = {isa = PBXFileReference; lastKnownFileType = text.plist.xml; path = Info.plist; sourceTree = "<group>"; };
		09EBDE9D26BC2DB6003A060B /* LoginView.swift */ = {isa = PBXFileReference; lastKnownFileType = sourcecode.swift; path = LoginView.swift; sourceTree = "<group>"; };
		09EBDE9F26BC2DD3003A060B /* LoginView.xib */ = {isa = PBXFileReference; lastKnownFileType = file.xib; path = LoginView.xib; sourceTree = "<group>"; };
		09EBDEA226BCC0E7003A060B /* ColorPallete.swift */ = {isa = PBXFileReference; lastKnownFileType = sourcecode.swift; path = ColorPallete.swift; sourceTree = "<group>"; };
		09EBDEA526BCF08B003A060B /* LoginError.swift */ = {isa = PBXFileReference; lastKnownFileType = sourcecode.swift; path = LoginError.swift; sourceTree = "<group>"; };
		09EBDEAA26BD8888003A060B /* String+Extensions.swift */ = {isa = PBXFileReference; lastKnownFileType = sourcecode.swift; path = "String+Extensions.swift"; sourceTree = "<group>"; };
		09EBDEAD26BD8B5B003A060B /* LoginViewControllerViewModel.swift */ = {isa = PBXFileReference; lastKnownFileType = sourcecode.swift; path = LoginViewControllerViewModel.swift; sourceTree = "<group>"; };
		09EBDEAF26BF8909003A060B /* LoginValidation.swift */ = {isa = PBXFileReference; lastKnownFileType = sourcecode.swift; path = LoginValidation.swift; sourceTree = "<group>"; };
		09F75C1526E8CBE100B25FD5 /* ClientMainViewController.swift */ = {isa = PBXFileReference; lastKnownFileType = sourcecode.swift; path = ClientMainViewController.swift; sourceTree = "<group>"; };
		09F75C1726E8CC1400B25FD5 /* ServicePrividerMainViewController.swift */ = {isa = PBXFileReference; lastKnownFileType = sourcecode.swift; path = ServicePrividerMainViewController.swift; sourceTree = "<group>"; };
		09F75C1926E8CEE300B25FD5 /* UserType.swift */ = {isa = PBXFileReference; lastKnownFileType = sourcecode.swift; path = UserType.swift; sourceTree = "<group>"; };
		09F75C1E26E942B700B25FD5 /* LogoutButtonView.swift */ = {isa = PBXFileReference; lastKnownFileType = sourcecode.swift; path = LogoutButtonView.swift; sourceTree = "<group>"; };
		09F75C2026E942DB00B25FD5 /* LogoutButtonView.xib */ = {isa = PBXFileReference; lastKnownFileType = file.xib; path = LogoutButtonView.xib; sourceTree = "<group>"; };
		09F75C2226E95B0600B25FD5 /* LogoutDelegate.swift */ = {isa = PBXFileReference; lastKnownFileType = sourcecode.swift; path = LogoutDelegate.swift; sourceTree = "<group>"; };
		09F75C2426E9A3BF00B25FD5 /* Authenticate.swift */ = {isa = PBXFileReference; lastKnownFileType = sourcecode.swift; path = Authenticate.swift; sourceTree = "<group>"; };
		09F75C2626E9A5D800B25FD5 /* SignoutError.swift */ = {isa = PBXFileReference; lastKnownFileType = sourcecode.swift; path = SignoutError.swift; sourceTree = "<group>"; };
		09F75C2826EA2B2200B25FD5 /* GenderType.swift */ = {isa = PBXFileReference; lastKnownFileType = sourcecode.swift; path = GenderType.swift; sourceTree = "<group>"; };
		09F75C2B26EE663600B25FD5 /* DataAccess.swift */ = {isa = PBXFileReference; lastKnownFileType = sourcecode.swift; path = DataAccess.swift; sourceTree = "<group>"; };
		1215B45A92274429AD805817 /* Pods-ClientQueueV_3.debug.xcconfig */ = {isa = PBXFileReference; includeInIndex = 1; lastKnownFileType = text.xcconfig; name = "Pods-ClientQueueV_3.debug.xcconfig"; path = "Target Support Files/Pods-ClientQueueV_3/Pods-ClientQueueV_3.debug.xcconfig"; sourceTree = "<group>"; };
		25F9B781E2E798AA41C3498B /* Pods-ClientQueueV_3-ClientQueueV_3UITests.release.xcconfig */ = {isa = PBXFileReference; includeInIndex = 1; lastKnownFileType = text.xcconfig; name = "Pods-ClientQueueV_3-ClientQueueV_3UITests.release.xcconfig"; path = "Target Support Files/Pods-ClientQueueV_3-ClientQueueV_3UITests/Pods-ClientQueueV_3-ClientQueueV_3UITests.release.xcconfig"; sourceTree = "<group>"; };
		2F9428A3C6FC000F15480924 /* Pods-ClientQueueV_3-ClientQueueV_3UITests.debug.xcconfig */ = {isa = PBXFileReference; includeInIndex = 1; lastKnownFileType = text.xcconfig; name = "Pods-ClientQueueV_3-ClientQueueV_3UITests.debug.xcconfig"; path = "Target Support Files/Pods-ClientQueueV_3-ClientQueueV_3UITests/Pods-ClientQueueV_3-ClientQueueV_3UITests.debug.xcconfig"; sourceTree = "<group>"; };
		31FD5E7E421BFC622B51C412 /* Pods-ClientQueueV_3Tests.release.xcconfig */ = {isa = PBXFileReference; includeInIndex = 1; lastKnownFileType = text.xcconfig; name = "Pods-ClientQueueV_3Tests.release.xcconfig"; path = "Target Support Files/Pods-ClientQueueV_3Tests/Pods-ClientQueueV_3Tests.release.xcconfig"; sourceTree = "<group>"; };
		45FD604894C53945A0B6AB33 /* Pods_ClientQueueV_3_ClientQueueV_3UITests.framework */ = {isa = PBXFileReference; explicitFileType = wrapper.framework; includeInIndex = 0; path = Pods_ClientQueueV_3_ClientQueueV_3UITests.framework; sourceTree = BUILT_PRODUCTS_DIR; };
		999D8A2E9DBF59C1FE899765 /* Pods-ClientQueueV_3.release.xcconfig */ = {isa = PBXFileReference; includeInIndex = 1; lastKnownFileType = text.xcconfig; name = "Pods-ClientQueueV_3.release.xcconfig"; path = "Target Support Files/Pods-ClientQueueV_3/Pods-ClientQueueV_3.release.xcconfig"; sourceTree = "<group>"; };
		E2C5A120B68078D019A39225 /* Pods_ClientQueueV_3.framework */ = {isa = PBXFileReference; explicitFileType = wrapper.framework; includeInIndex = 0; path = Pods_ClientQueueV_3.framework; sourceTree = BUILT_PRODUCTS_DIR; };
		F7D263A027B9861F8D137883 /* Pods-ClientQueueV_3Tests.debug.xcconfig */ = {isa = PBXFileReference; includeInIndex = 1; lastKnownFileType = text.xcconfig; name = "Pods-ClientQueueV_3Tests.debug.xcconfig"; path = "Target Support Files/Pods-ClientQueueV_3Tests/Pods-ClientQueueV_3Tests.debug.xcconfig"; sourceTree = "<group>"; };
/* End PBXFileReference section */

/* Begin PBXFrameworksBuildPhase section */
		09EBDE6026BB2BD1003A060B /* Frameworks */ = {
			isa = PBXFrameworksBuildPhase;
			buildActionMask = 2147483647;
			files = (
				0D7C16FD1AE7BA2415D997CD /* Pods_ClientQueueV_3.framework in Frameworks */,
			);
			runOnlyForDeploymentPostprocessing = 0;
		};
		09EBDE7626BB2BD2003A060B /* Frameworks */ = {
			isa = PBXFrameworksBuildPhase;
			buildActionMask = 2147483647;
			files = (
				F08B21B7CAA7033139D4C44C /* Pods_ClientQueueV_3Tests.framework in Frameworks */,
			);
			runOnlyForDeploymentPostprocessing = 0;
		};
		09EBDE8126BB2BD2003A060B /* Frameworks */ = {
			isa = PBXFrameworksBuildPhase;
			buildActionMask = 2147483647;
			files = (
				0C160A5735919B9022804744 /* Pods_ClientQueueV_3_ClientQueueV_3UITests.framework in Frameworks */,
			);
			runOnlyForDeploymentPostprocessing = 0;
		};
/* End PBXFrameworksBuildPhase section */

/* Begin PBXGroup section */
		09A62F5226CD660500D0B6AB /* CustomObjects */ = {
			isa = PBXGroup;
			children = (
				09A62F4E26CD49F300D0B6AB /* Alert.swift */,
			);
			path = CustomObjects;
			sourceTree = "<group>";
		};
		09EBDE5A26BB2BD0003A060B = {
			isa = PBXGroup;
			children = (
				09EBDE6526BB2BD1003A060B /* ClientQueueV_3 */,
				09EBDE7C26BB2BD2003A060B /* ClientQueueV_3Tests */,
				09EBDE8726BB2BD2003A060B /* ClientQueueV_3UITests */,
				09EBDE6426BB2BD1003A060B /* Products */,
				B58A77D433A03FBB3CDBF1E9 /* Pods */,
				5BEB105C576FA92BF06AE8AE /* Frameworks */,
			);
			sourceTree = "<group>";
		};
		09EBDE6426BB2BD1003A060B /* Products */ = {
			isa = PBXGroup;
			children = (
				09EBDE6326BB2BD1003A060B /* ClientQueueV_3.app */,
				09EBDE7926BB2BD2003A060B /* ClientQueueV_3Tests.xctest */,
				09EBDE8426BB2BD2003A060B /* ClientQueueV_3UITests.xctest */,
			);
			name = Products;
			sourceTree = "<group>";
		};
		09EBDE6526BB2BD1003A060B /* ClientQueueV_3 */ = {
			isa = PBXGroup;
			children = (
				09F75C2A26EE661800B25FD5 /* DatabaseUtilities */,
				09F75C1B26E8DDD900B25FD5 /* AuthenticationUtilities */,
				09A62F5226CD660500D0B6AB /* CustomObjects */,
				09EBDEB126C0EEDD003A060B /* Protocols */,
				09EBDEAC26BD8B34003A060B /* ViewModels */,
				09EBDEA726BCF15B003A060B /* Validation */,
				09EBDEA426BCF071003A060B /* Enums */,
				09EBDEA126BCC0CF003A060B /* Extensions */,
				09EBDE9826BB312A003A060B /* Models */,
				09EBDE9726BB311D003A060B /* ViewControllers */,
				09EBDE9626BB30A1003A060B /* Views */,
				09EBDE6626BB2BD1003A060B /* AppDelegate.swift */,
				09EBDE6826BB2BD1003A060B /* SceneDelegate.swift */,
				09EBDE6F26BB2BD1003A060B /* Assets.xcassets */,
				09EBDE7126BB2BD1003A060B /* LaunchScreen.storyboard */,
				09EBDE7426BB2BD1003A060B /* Info.plist */,
				091B910D26E7EF1E004C76A3 /* GoogleService-Info.plist */,
			);
			path = ClientQueueV_3;
			sourceTree = "<group>";
		};
		09EBDE7C26BB2BD2003A060B /* ClientQueueV_3Tests */ = {
			isa = PBXGroup;
			children = (
				09EBDE7D26BB2BD2003A060B /* ClientQueueV_3Tests.swift */,
				09EBDE7F26BB2BD2003A060B /* Info.plist */,
			);
			path = ClientQueueV_3Tests;
			sourceTree = "<group>";
		};
		09EBDE8726BB2BD2003A060B /* ClientQueueV_3UITests */ = {
			isa = PBXGroup;
			children = (
				09EBDE8826BB2BD2003A060B /* ClientQueueV_3UITests.swift */,
				09EBDE8A26BB2BD2003A060B /* Info.plist */,
			);
			path = ClientQueueV_3UITests;
			sourceTree = "<group>";
		};
		09EBDE9626BB30A1003A060B /* Views */ = {
			isa = PBXGroup;
			children = (
				09EBDE6C26BB2BD1003A060B /* Main.storyboard */,
				09EBDE9D26BC2DB6003A060B /* LoginView.swift */,
				09EBDE9F26BC2DD3003A060B /* LoginView.xib */,
				09A62F5926D0C16B00D0B6AB /* ClientSignupView.swift */,
				09A62F5726CEE34300D0B6AB /* ClientSignupView.xib */,
				09A62F6926D2AE5900D0B6AB /* SPSignupView.swift */,
				09A62F6726D2AE2500D0B6AB /* SPSignupView.xib */,
				09F75C1E26E942B700B25FD5 /* LogoutButtonView.swift */,
				09F75C2026E942DB00B25FD5 /* LogoutButtonView.xib */,
			);
			path = Views;
			sourceTree = "<group>";
		};
		09EBDE9726BB311D003A060B /* ViewControllers */ = {
			isa = PBXGroup;
			children = (
				09EBDE6A26BB2BD1003A060B /* LoginViewController.swift */,
				09A62F4226C4D0CA00D0B6AB /* SignupViewController.swift */,
				09A62F4426C4D19000D0B6AB /* ForgotLoginViewController.swift */,
				09F75C1526E8CBE100B25FD5 /* ClientMainViewController.swift */,
				09F75C1726E8CC1400B25FD5 /* ServicePrividerMainViewController.swift */,
			);
			path = ViewControllers;
			sourceTree = "<group>";
		};
		09EBDE9826BB312A003A060B /* Models */ = {
			isa = PBXGroup;
			children = (
			);
			path = Models;
			sourceTree = "<group>";
		};
		09EBDEA126BCC0CF003A060B /* Extensions */ = {
			isa = PBXGroup;
			children = (
				09EBDEA226BCC0E7003A060B /* ColorPallete.swift */,
				09EBDEAA26BD8888003A060B /* String+Extensions.swift */,
				09A62F4C26CCCC5300D0B6AB /* imageView+extension.swift */,
				09163A4A26D7FBB600897A82 /* TextField+extension.swift */,
			);
			path = Extensions;
			sourceTree = "<group>";
		};
		09EBDEA426BCF071003A060B /* Enums */ = {
			isa = PBXGroup;
			children = (
				09EBDEA526BCF08B003A060B /* LoginError.swift */,
				09A62F5026CD650F00D0B6AB /* ImagePickerState.swift */,
				09A62F5326CD855D00D0B6AB /* ProfileImageError.swift */,
				09163A4E26DE6C1200897A82 /* SignupError.swift */,
				09A62F5F26D1D1CA00D0B6AB /* SignupState.swift */,
				09163A5226E723B600897A82 /* ForgotLoginError.swift */,
				09F75C1926E8CEE300B25FD5 /* UserType.swift */,
				09F75C2626E9A5D800B25FD5 /* SignoutError.swift */,
				09F75C2826EA2B2200B25FD5 /* GenderType.swift */,
			);
			path = Enums;
			sourceTree = "<group>";
		};
		09EBDEA726BCF15B003A060B /* Validation */ = {
			isa = PBXGroup;
			children = (
				09EBDEAF26BF8909003A060B /* LoginValidation.swift */,
			);
			path = Validation;
			sourceTree = "<group>";
		};
		09EBDEAC26BD8B34003A060B /* ViewModels */ = {
			isa = PBXGroup;
			children = (
				09EBDEAD26BD8B5B003A060B /* LoginViewControllerViewModel.swift */,
				09A62F5526CED17000D0B6AB /* SignUpViewControllerViewModel.swift */,
			);
			path = ViewModels;
			sourceTree = "<group>";
		};
		09EBDEB126C0EEDD003A060B /* Protocols */ = {
			isa = PBXGroup;
			children = (
				09A62F3E26C3B0A500D0B6AB /* ForgotLoginDelegate.swift */,
				09A62F4026C4882600D0B6AB /* SignupDelegate.swift */,
				09163A4C26DD84E800897A82 /* RemoveProfileImageDelegate.swift */,
				09F75C2226E95B0600B25FD5 /* LogoutDelegate.swift */,
			);
			path = Protocols;
			sourceTree = "<group>";
		};
		09F75C1B26E8DDD900B25FD5 /* AuthenticationUtilities */ = {
			isa = PBXGroup;
			children = (
				09F75C2426E9A3BF00B25FD5 /* Authenticate.swift */,
			);
			path = AuthenticationUtilities;
			sourceTree = "<group>";
		};
		09F75C2A26EE661800B25FD5 /* DatabaseUtilities */ = {
			isa = PBXGroup;
			children = (
				09F75C2B26EE663600B25FD5 /* DataAccess.swift */,
			);
			path = DatabaseUtilities;
			sourceTree = "<group>";
		};
		5BEB105C576FA92BF06AE8AE /* Frameworks */ = {
			isa = PBXGroup;
			children = (
				E2C5A120B68078D019A39225 /* Pods_ClientQueueV_3.framework */,
				45FD604894C53945A0B6AB33 /* Pods_ClientQueueV_3_ClientQueueV_3UITests.framework */,
				02BB2D224A36D5CB9463C6F3 /* Pods_ClientQueueV_3Tests.framework */,
			);
			name = Frameworks;
			sourceTree = "<group>";
		};
		B58A77D433A03FBB3CDBF1E9 /* Pods */ = {
			isa = PBXGroup;
			children = (
				1215B45A92274429AD805817 /* Pods-ClientQueueV_3.debug.xcconfig */,
				999D8A2E9DBF59C1FE899765 /* Pods-ClientQueueV_3.release.xcconfig */,
				2F9428A3C6FC000F15480924 /* Pods-ClientQueueV_3-ClientQueueV_3UITests.debug.xcconfig */,
				25F9B781E2E798AA41C3498B /* Pods-ClientQueueV_3-ClientQueueV_3UITests.release.xcconfig */,
				F7D263A027B9861F8D137883 /* Pods-ClientQueueV_3Tests.debug.xcconfig */,
				31FD5E7E421BFC622B51C412 /* Pods-ClientQueueV_3Tests.release.xcconfig */,
			);
			path = Pods;
			sourceTree = "<group>";
		};
/* End PBXGroup section */

/* Begin PBXNativeTarget section */
		09EBDE6226BB2BD1003A060B /* ClientQueueV_3 */ = {
			isa = PBXNativeTarget;
			buildConfigurationList = 09EBDE8D26BB2BD2003A060B /* Build configuration list for PBXNativeTarget "ClientQueueV_3" */;
			buildPhases = (
				7F90663A1AD2943DD1B6EE2C /* [CP] Check Pods Manifest.lock */,
				09EBDE5F26BB2BD1003A060B /* Sources */,
				09EBDE6026BB2BD1003A060B /* Frameworks */,
				09EBDE6126BB2BD1003A060B /* Resources */,
				AC7C1D9F9019788749690CC2 /* [CP] Embed Pods Frameworks */,
			);
			buildRules = (
			);
			dependencies = (
			);
			name = ClientQueueV_3;
			productName = ClientQueueV_3;
			productReference = 09EBDE6326BB2BD1003A060B /* ClientQueueV_3.app */;
			productType = "com.apple.product-type.application";
		};
		09EBDE7826BB2BD2003A060B /* ClientQueueV_3Tests */ = {
			isa = PBXNativeTarget;
			buildConfigurationList = 09EBDE9026BB2BD2003A060B /* Build configuration list for PBXNativeTarget "ClientQueueV_3Tests" */;
			buildPhases = (
				43D1492CAEAFAF7C794CA445 /* [CP] Check Pods Manifest.lock */,
				09EBDE7526BB2BD2003A060B /* Sources */,
				09EBDE7626BB2BD2003A060B /* Frameworks */,
				09EBDE7726BB2BD2003A060B /* Resources */,
			);
			buildRules = (
			);
			dependencies = (
				09EBDE7B26BB2BD2003A060B /* PBXTargetDependency */,
			);
			name = ClientQueueV_3Tests;
			productName = ClientQueueV_3Tests;
			productReference = 09EBDE7926BB2BD2003A060B /* ClientQueueV_3Tests.xctest */;
			productType = "com.apple.product-type.bundle.unit-test";
		};
		09EBDE8326BB2BD2003A060B /* ClientQueueV_3UITests */ = {
			isa = PBXNativeTarget;
			buildConfigurationList = 09EBDE9326BB2BD2003A060B /* Build configuration list for PBXNativeTarget "ClientQueueV_3UITests" */;
			buildPhases = (
				AAA00FF0A562A3083E82E217 /* [CP] Check Pods Manifest.lock */,
				09EBDE8026BB2BD2003A060B /* Sources */,
				09EBDE8126BB2BD2003A060B /* Frameworks */,
				09EBDE8226BB2BD2003A060B /* Resources */,
				1CBAE3F25E7E8C78A05C26FD /* [CP] Embed Pods Frameworks */,
			);
			buildRules = (
			);
			dependencies = (
				09EBDE8626BB2BD2003A060B /* PBXTargetDependency */,
			);
			name = ClientQueueV_3UITests;
			productName = ClientQueueV_3UITests;
			productReference = 09EBDE8426BB2BD2003A060B /* ClientQueueV_3UITests.xctest */;
			productType = "com.apple.product-type.bundle.ui-testing";
		};
/* End PBXNativeTarget section */

/* Begin PBXProject section */
		09EBDE5B26BB2BD0003A060B /* Project object */ = {
			isa = PBXProject;
			attributes = {
				LastSwiftUpdateCheck = 1250;
				LastUpgradeCheck = 1250;
				TargetAttributes = {
					09EBDE6226BB2BD1003A060B = {
						CreatedOnToolsVersion = 12.5.1;
					};
					09EBDE7826BB2BD2003A060B = {
						CreatedOnToolsVersion = 12.5.1;
						TestTargetID = 09EBDE6226BB2BD1003A060B;
					};
					09EBDE8326BB2BD2003A060B = {
						CreatedOnToolsVersion = 12.5.1;
						TestTargetID = 09EBDE6226BB2BD1003A060B;
					};
				};
			};
			buildConfigurationList = 09EBDE5E26BB2BD0003A060B /* Build configuration list for PBXProject "ClientQueueV_3" */;
			compatibilityVersion = "Xcode 9.3";
			developmentRegion = en;
			hasScannedForEncodings = 0;
			knownRegions = (
				en,
				Base,
			);
			mainGroup = 09EBDE5A26BB2BD0003A060B;
			productRefGroup = 09EBDE6426BB2BD1003A060B /* Products */;
			projectDirPath = "";
			projectRoot = "";
			targets = (
				09EBDE6226BB2BD1003A060B /* ClientQueueV_3 */,
				09EBDE7826BB2BD2003A060B /* ClientQueueV_3Tests */,
				09EBDE8326BB2BD2003A060B /* ClientQueueV_3UITests */,
			);
		};
/* End PBXProject section */

/* Begin PBXResourcesBuildPhase section */
		09EBDE6126BB2BD1003A060B /* Resources */ = {
			isa = PBXResourcesBuildPhase;
			buildActionMask = 2147483647;
			files = (
				09EBDE7326BB2BD1003A060B /* LaunchScreen.storyboard in Resources */,
				09A62F6826D2AE2500D0B6AB /* SPSignupView.xib in Resources */,
				09EBDE7026BB2BD1003A060B /* Assets.xcassets in Resources */,
				09EBDEA026BC2DD3003A060B /* LoginView.xib in Resources */,
				091B910E26E7EF1E004C76A3 /* GoogleService-Info.plist in Resources */,
				09A62F5826CEE34300D0B6AB /* ClientSignupView.xib in Resources */,
				09F75C2126E942DB00B25FD5 /* LogoutButtonView.xib in Resources */,
				09EBDE6E26BB2BD1003A060B /* Main.storyboard in Resources */,
			);
			runOnlyForDeploymentPostprocessing = 0;
		};
		09EBDE7726BB2BD2003A060B /* Resources */ = {
			isa = PBXResourcesBuildPhase;
			buildActionMask = 2147483647;
			files = (
			);
			runOnlyForDeploymentPostprocessing = 0;
		};
		09EBDE8226BB2BD2003A060B /* Resources */ = {
			isa = PBXResourcesBuildPhase;
			buildActionMask = 2147483647;
			files = (
			);
			runOnlyForDeploymentPostprocessing = 0;
		};
/* End PBXResourcesBuildPhase section */

/* Begin PBXShellScriptBuildPhase section */
		1CBAE3F25E7E8C78A05C26FD /* [CP] Embed Pods Frameworks */ = {
			isa = PBXShellScriptBuildPhase;
			buildActionMask = 2147483647;
			files = (
			);
			inputFileListPaths = (
				"${PODS_ROOT}/Target Support Files/Pods-ClientQueueV_3-ClientQueueV_3UITests/Pods-ClientQueueV_3-ClientQueueV_3UITests-frameworks-${CONFIGURATION}-input-files.xcfilelist",
			);
			name = "[CP] Embed Pods Frameworks";
			outputFileListPaths = (
				"${PODS_ROOT}/Target Support Files/Pods-ClientQueueV_3-ClientQueueV_3UITests/Pods-ClientQueueV_3-ClientQueueV_3UITests-frameworks-${CONFIGURATION}-output-files.xcfilelist",
			);
			runOnlyForDeploymentPostprocessing = 0;
			shellPath = /bin/sh;
			shellScript = "\"${PODS_ROOT}/Target Support Files/Pods-ClientQueueV_3-ClientQueueV_3UITests/Pods-ClientQueueV_3-ClientQueueV_3UITests-frameworks.sh\"\n";
			showEnvVarsInLog = 0;
		};
		43D1492CAEAFAF7C794CA445 /* [CP] Check Pods Manifest.lock */ = {
			isa = PBXShellScriptBuildPhase;
			buildActionMask = 2147483647;
			files = (
			);
			inputFileListPaths = (
			);
			inputPaths = (
				"${PODS_PODFILE_DIR_PATH}/Podfile.lock",
				"${PODS_ROOT}/Manifest.lock",
			);
			name = "[CP] Check Pods Manifest.lock";
			outputFileListPaths = (
			);
			outputPaths = (
				"$(DERIVED_FILE_DIR)/Pods-ClientQueueV_3Tests-checkManifestLockResult.txt",
			);
			runOnlyForDeploymentPostprocessing = 0;
			shellPath = /bin/sh;
			shellScript = "diff \"${PODS_PODFILE_DIR_PATH}/Podfile.lock\" \"${PODS_ROOT}/Manifest.lock\" > /dev/null\nif [ $? != 0 ] ; then\n    # print error to STDERR\n    echo \"error: The sandbox is not in sync with the Podfile.lock. Run 'pod install' or update your CocoaPods installation.\" >&2\n    exit 1\nfi\n# This output is used by Xcode 'outputs' to avoid re-running this script phase.\necho \"SUCCESS\" > \"${SCRIPT_OUTPUT_FILE_0}\"\n";
			showEnvVarsInLog = 0;
		};
		7F90663A1AD2943DD1B6EE2C /* [CP] Check Pods Manifest.lock */ = {
			isa = PBXShellScriptBuildPhase;
			buildActionMask = 2147483647;
			files = (
			);
			inputFileListPaths = (
			);
			inputPaths = (
				"${PODS_PODFILE_DIR_PATH}/Podfile.lock",
				"${PODS_ROOT}/Manifest.lock",
			);
			name = "[CP] Check Pods Manifest.lock";
			outputFileListPaths = (
			);
			outputPaths = (
				"$(DERIVED_FILE_DIR)/Pods-ClientQueueV_3-checkManifestLockResult.txt",
			);
			runOnlyForDeploymentPostprocessing = 0;
			shellPath = /bin/sh;
			shellScript = "diff \"${PODS_PODFILE_DIR_PATH}/Podfile.lock\" \"${PODS_ROOT}/Manifest.lock\" > /dev/null\nif [ $? != 0 ] ; then\n    # print error to STDERR\n    echo \"error: The sandbox is not in sync with the Podfile.lock. Run 'pod install' or update your CocoaPods installation.\" >&2\n    exit 1\nfi\n# This output is used by Xcode 'outputs' to avoid re-running this script phase.\necho \"SUCCESS\" > \"${SCRIPT_OUTPUT_FILE_0}\"\n";
			showEnvVarsInLog = 0;
		};
		AAA00FF0A562A3083E82E217 /* [CP] Check Pods Manifest.lock */ = {
			isa = PBXShellScriptBuildPhase;
			buildActionMask = 2147483647;
			files = (
			);
			inputFileListPaths = (
			);
			inputPaths = (
				"${PODS_PODFILE_DIR_PATH}/Podfile.lock",
				"${PODS_ROOT}/Manifest.lock",
			);
			name = "[CP] Check Pods Manifest.lock";
			outputFileListPaths = (
			);
			outputPaths = (
				"$(DERIVED_FILE_DIR)/Pods-ClientQueueV_3-ClientQueueV_3UITests-checkManifestLockResult.txt",
			);
			runOnlyForDeploymentPostprocessing = 0;
			shellPath = /bin/sh;
			shellScript = "diff \"${PODS_PODFILE_DIR_PATH}/Podfile.lock\" \"${PODS_ROOT}/Manifest.lock\" > /dev/null\nif [ $? != 0 ] ; then\n    # print error to STDERR\n    echo \"error: The sandbox is not in sync with the Podfile.lock. Run 'pod install' or update your CocoaPods installation.\" >&2\n    exit 1\nfi\n# This output is used by Xcode 'outputs' to avoid re-running this script phase.\necho \"SUCCESS\" > \"${SCRIPT_OUTPUT_FILE_0}\"\n";
			showEnvVarsInLog = 0;
		};
		AC7C1D9F9019788749690CC2 /* [CP] Embed Pods Frameworks */ = {
			isa = PBXShellScriptBuildPhase;
			buildActionMask = 2147483647;
			files = (
			);
			inputFileListPaths = (
				"${PODS_ROOT}/Target Support Files/Pods-ClientQueueV_3/Pods-ClientQueueV_3-frameworks-${CONFIGURATION}-input-files.xcfilelist",
			);
			name = "[CP] Embed Pods Frameworks";
			outputFileListPaths = (
				"${PODS_ROOT}/Target Support Files/Pods-ClientQueueV_3/Pods-ClientQueueV_3-frameworks-${CONFIGURATION}-output-files.xcfilelist",
			);
			runOnlyForDeploymentPostprocessing = 0;
			shellPath = /bin/sh;
			shellScript = "\"${PODS_ROOT}/Target Support Files/Pods-ClientQueueV_3/Pods-ClientQueueV_3-frameworks.sh\"\n";
			showEnvVarsInLog = 0;
		};
/* End PBXShellScriptBuildPhase section */

/* Begin PBXSourcesBuildPhase section */
		09EBDE5F26BB2BD1003A060B /* Sources */ = {
			isa = PBXSourcesBuildPhase;
			buildActionMask = 2147483647;
			files = (
				09F75C2726E9A5D800B25FD5 /* SignoutError.swift in Sources */,
				09EBDEAE26BD8B5B003A060B /* LoginViewControllerViewModel.swift in Sources */,
				09EBDE6B26BB2BD1003A060B /* LoginViewController.swift in Sources */,
				09F75C1A26E8CEE300B25FD5 /* UserType.swift in Sources */,
				09A62F4526C4D19000D0B6AB /* ForgotLoginViewController.swift in Sources */,
				09F75C2C26EE663600B25FD5 /* DataAccess.swift in Sources */,
				09F75C1F26E942B700B25FD5 /* LogoutButtonView.swift in Sources */,
				09A62F4F26CD49F300D0B6AB /* Alert.swift in Sources */,
				09A62F4D26CCCC5300D0B6AB /* imageView+extension.swift in Sources */,
				09A62F6A26D2AE5900D0B6AB /* SPSignupView.swift in Sources */,
				09A62F5A26D0C16B00D0B6AB /* ClientSignupView.swift in Sources */,
				09EBDE6726BB2BD1003A060B /* AppDelegate.swift in Sources */,
				09EBDEA626BCF08B003A060B /* LoginError.swift in Sources */,
				09EBDEB026BF8909003A060B /* LoginValidation.swift in Sources */,
				09F75C1826E8CC1400B25FD5 /* ServicePrividerMainViewController.swift in Sources */,
				09163A4F26DE6C1200897A82 /* SignupError.swift in Sources */,
				09A62F6026D1D1CA00D0B6AB /* SignupState.swift in Sources */,
				09A62F5426CD855D00D0B6AB /* ProfileImageError.swift in Sources */,
				09A62F3F26C3B0A500D0B6AB /* ForgotLoginDelegate.swift in Sources */,
				09A62F4326C4D0CA00D0B6AB /* SignupViewController.swift in Sources */,
				09F75C2526E9A3BF00B25FD5 /* Authenticate.swift in Sources */,
				09163A5326E723B600897A82 /* ForgotLoginError.swift in Sources */,
				09F75C1626E8CBE100B25FD5 /* ClientMainViewController.swift in Sources */,
				09F75C2326E95B0600B25FD5 /* LogoutDelegate.swift in Sources */,
				09F75C2926EA2B2200B25FD5 /* GenderType.swift in Sources */,
				09A62F5126CD650F00D0B6AB /* ImagePickerState.swift in Sources */,
				09EBDEAB26BD8888003A060B /* String+Extensions.swift in Sources */,
				09163A4D26DD84E800897A82 /* RemoveProfileImageDelegate.swift in Sources */,
				09A62F4126C4882600D0B6AB /* SignupDelegate.swift in Sources */,
				09EBDE9E26BC2DB6003A060B /* LoginView.swift in Sources */,
				09EBDEA326BCC0E7003A060B /* ColorPallete.swift in Sources */,
				09163A4B26D7FBB600897A82 /* TextField+extension.swift in Sources */,
				09EBDE6926BB2BD1003A060B /* SceneDelegate.swift in Sources */,
				09A62F5626CED17000D0B6AB /* SignUpViewControllerViewModel.swift in Sources */,
			);
			runOnlyForDeploymentPostprocessing = 0;
		};
		09EBDE7526BB2BD2003A060B /* Sources */ = {
			isa = PBXSourcesBuildPhase;
			buildActionMask = 2147483647;
			files = (
				09EBDE7E26BB2BD2003A060B /* ClientQueueV_3Tests.swift in Sources */,
			);
			runOnlyForDeploymentPostprocessing = 0;
		};
		09EBDE8026BB2BD2003A060B /* Sources */ = {
			isa = PBXSourcesBuildPhase;
			buildActionMask = 2147483647;
			files = (
				09EBDE8926BB2BD2003A060B /* ClientQueueV_3UITests.swift in Sources */,
			);
			runOnlyForDeploymentPostprocessing = 0;
		};
/* End PBXSourcesBuildPhase section */

/* Begin PBXTargetDependency section */
		09EBDE7B26BB2BD2003A060B /* PBXTargetDependency */ = {
			isa = PBXTargetDependency;
			target = 09EBDE6226BB2BD1003A060B /* ClientQueueV_3 */;
			targetProxy = 09EBDE7A26BB2BD2003A060B /* PBXContainerItemProxy */;
		};
		09EBDE8626BB2BD2003A060B /* PBXTargetDependency */ = {
			isa = PBXTargetDependency;
			target = 09EBDE6226BB2BD1003A060B /* ClientQueueV_3 */;
			targetProxy = 09EBDE8526BB2BD2003A060B /* PBXContainerItemProxy */;
		};
/* End PBXTargetDependency section */

/* Begin PBXVariantGroup section */
		09EBDE6C26BB2BD1003A060B /* Main.storyboard */ = {
			isa = PBXVariantGroup;
			children = (
				09EBDE6D26BB2BD1003A060B /* Base */,
			);
			name = Main.storyboard;
			sourceTree = "<group>";
		};
		09EBDE7126BB2BD1003A060B /* LaunchScreen.storyboard */ = {
			isa = PBXVariantGroup;
			children = (
				09EBDE7226BB2BD1003A060B /* Base */,
			);
			name = LaunchScreen.storyboard;
			sourceTree = "<group>";
		};
/* End PBXVariantGroup section */

/* Begin XCBuildConfiguration section */
		09EBDE8B26BB2BD2003A060B /* Debug */ = {
			isa = XCBuildConfiguration;
			buildSettings = {
				ALWAYS_SEARCH_USER_PATHS = NO;
				CLANG_ANALYZER_NONNULL = YES;
				CLANG_ANALYZER_NUMBER_OBJECT_CONVERSION = YES_AGGRESSIVE;
				CLANG_CXX_LANGUAGE_STANDARD = "gnu++14";
				CLANG_CXX_LIBRARY = "libc++";
				CLANG_ENABLE_MODULES = YES;
				CLANG_ENABLE_OBJC_ARC = YES;
				CLANG_ENABLE_OBJC_WEAK = YES;
				CLANG_WARN_BLOCK_CAPTURE_AUTORELEASING = YES;
				CLANG_WARN_BOOL_CONVERSION = YES;
				CLANG_WARN_COMMA = YES;
				CLANG_WARN_CONSTANT_CONVERSION = YES;
				CLANG_WARN_DEPRECATED_OBJC_IMPLEMENTATIONS = YES;
				CLANG_WARN_DIRECT_OBJC_ISA_USAGE = YES_ERROR;
				CLANG_WARN_DOCUMENTATION_COMMENTS = YES;
				CLANG_WARN_EMPTY_BODY = YES;
				CLANG_WARN_ENUM_CONVERSION = YES;
				CLANG_WARN_INFINITE_RECURSION = YES;
				CLANG_WARN_INT_CONVERSION = YES;
				CLANG_WARN_NON_LITERAL_NULL_CONVERSION = YES;
				CLANG_WARN_OBJC_IMPLICIT_RETAIN_SELF = YES;
				CLANG_WARN_OBJC_LITERAL_CONVERSION = YES;
				CLANG_WARN_OBJC_ROOT_CLASS = YES_ERROR;
				CLANG_WARN_QUOTED_INCLUDE_IN_FRAMEWORK_HEADER = YES;
				CLANG_WARN_RANGE_LOOP_ANALYSIS = YES;
				CLANG_WARN_STRICT_PROTOTYPES = YES;
				CLANG_WARN_SUSPICIOUS_MOVE = YES;
				CLANG_WARN_UNGUARDED_AVAILABILITY = YES_AGGRESSIVE;
				CLANG_WARN_UNREACHABLE_CODE = YES;
				CLANG_WARN__DUPLICATE_METHOD_MATCH = YES;
				COPY_PHASE_STRIP = NO;
				DEBUG_INFORMATION_FORMAT = dwarf;
				ENABLE_STRICT_OBJC_MSGSEND = YES;
				ENABLE_TESTABILITY = YES;
				GCC_C_LANGUAGE_STANDARD = gnu11;
				GCC_DYNAMIC_NO_PIC = NO;
				GCC_NO_COMMON_BLOCKS = YES;
				GCC_OPTIMIZATION_LEVEL = 0;
				GCC_PREPROCESSOR_DEFINITIONS = (
					"DEBUG=1",
					"$(inherited)",
				);
				GCC_WARN_64_TO_32_BIT_CONVERSION = YES;
				GCC_WARN_ABOUT_RETURN_TYPE = YES_ERROR;
				GCC_WARN_UNDECLARED_SELECTOR = YES;
				GCC_WARN_UNINITIALIZED_AUTOS = YES_AGGRESSIVE;
				GCC_WARN_UNUSED_FUNCTION = YES;
				GCC_WARN_UNUSED_VARIABLE = YES;
				IPHONEOS_DEPLOYMENT_TARGET = 14.5;
				MTL_ENABLE_DEBUG_INFO = INCLUDE_SOURCE;
				MTL_FAST_MATH = YES;
				ONLY_ACTIVE_ARCH = YES;
				SDKROOT = iphoneos;
				SWIFT_ACTIVE_COMPILATION_CONDITIONS = DEBUG;
				SWIFT_OPTIMIZATION_LEVEL = "-Onone";
			};
			name = Debug;
		};
		09EBDE8C26BB2BD2003A060B /* Release */ = {
			isa = XCBuildConfiguration;
			buildSettings = {
				ALWAYS_SEARCH_USER_PATHS = NO;
				CLANG_ANALYZER_NONNULL = YES;
				CLANG_ANALYZER_NUMBER_OBJECT_CONVERSION = YES_AGGRESSIVE;
				CLANG_CXX_LANGUAGE_STANDARD = "gnu++14";
				CLANG_CXX_LIBRARY = "libc++";
				CLANG_ENABLE_MODULES = YES;
				CLANG_ENABLE_OBJC_ARC = YES;
				CLANG_ENABLE_OBJC_WEAK = YES;
				CLANG_WARN_BLOCK_CAPTURE_AUTORELEASING = YES;
				CLANG_WARN_BOOL_CONVERSION = YES;
				CLANG_WARN_COMMA = YES;
				CLANG_WARN_CONSTANT_CONVERSION = YES;
				CLANG_WARN_DEPRECATED_OBJC_IMPLEMENTATIONS = YES;
				CLANG_WARN_DIRECT_OBJC_ISA_USAGE = YES_ERROR;
				CLANG_WARN_DOCUMENTATION_COMMENTS = YES;
				CLANG_WARN_EMPTY_BODY = YES;
				CLANG_WARN_ENUM_CONVERSION = YES;
				CLANG_WARN_INFINITE_RECURSION = YES;
				CLANG_WARN_INT_CONVERSION = YES;
				CLANG_WARN_NON_LITERAL_NULL_CONVERSION = YES;
				CLANG_WARN_OBJC_IMPLICIT_RETAIN_SELF = YES;
				CLANG_WARN_OBJC_LITERAL_CONVERSION = YES;
				CLANG_WARN_OBJC_ROOT_CLASS = YES_ERROR;
				CLANG_WARN_QUOTED_INCLUDE_IN_FRAMEWORK_HEADER = YES;
				CLANG_WARN_RANGE_LOOP_ANALYSIS = YES;
				CLANG_WARN_STRICT_PROTOTYPES = YES;
				CLANG_WARN_SUSPICIOUS_MOVE = YES;
				CLANG_WARN_UNGUARDED_AVAILABILITY = YES_AGGRESSIVE;
				CLANG_WARN_UNREACHABLE_CODE = YES;
				CLANG_WARN__DUPLICATE_METHOD_MATCH = YES;
				COPY_PHASE_STRIP = NO;
				DEBUG_INFORMATION_FORMAT = "dwarf-with-dsym";
				ENABLE_NS_ASSERTIONS = NO;
				ENABLE_STRICT_OBJC_MSGSEND = YES;
				GCC_C_LANGUAGE_STANDARD = gnu11;
				GCC_NO_COMMON_BLOCKS = YES;
				GCC_WARN_64_TO_32_BIT_CONVERSION = YES;
				GCC_WARN_ABOUT_RETURN_TYPE = YES_ERROR;
				GCC_WARN_UNDECLARED_SELECTOR = YES;
				GCC_WARN_UNINITIALIZED_AUTOS = YES_AGGRESSIVE;
				GCC_WARN_UNUSED_FUNCTION = YES;
				GCC_WARN_UNUSED_VARIABLE = YES;
				IPHONEOS_DEPLOYMENT_TARGET = 14.5;
				MTL_ENABLE_DEBUG_INFO = NO;
				MTL_FAST_MATH = YES;
				SDKROOT = iphoneos;
				SWIFT_COMPILATION_MODE = wholemodule;
				SWIFT_OPTIMIZATION_LEVEL = "-O";
				VALIDATE_PRODUCT = YES;
			};
			name = Release;
		};
		09EBDE8E26BB2BD2003A060B /* Debug */ = {
			isa = XCBuildConfiguration;
			baseConfigurationReference = 1215B45A92274429AD805817 /* Pods-ClientQueueV_3.debug.xcconfig */;
			buildSettings = {
				ASSETCATALOG_COMPILER_APPICON_NAME = AppIcon;
				ASSETCATALOG_COMPILER_GLOBAL_ACCENT_COLOR_NAME = AccentColor;
				CODE_SIGN_STYLE = Automatic;
				DEVELOPMENT_TEAM = 93TAG27MAJ;
				INFOPLIST_FILE = ClientQueueV_3/Info.plist;
				LD_RUNPATH_SEARCH_PATHS = (
					"$(inherited)",
					"@executable_path/Frameworks",
				);
				PRODUCT_BUNDLE_IDENTIFIER = "com.GroverTech.ClientQueueV-3";
				PRODUCT_NAME = "$(TARGET_NAME)";
				SWIFT_VERSION = 5.0;
				TARGETED_DEVICE_FAMILY = "1,2";
			};
			name = Debug;
		};
		09EBDE8F26BB2BD2003A060B /* Release */ = {
			isa = XCBuildConfiguration;
			baseConfigurationReference = 999D8A2E9DBF59C1FE899765 /* Pods-ClientQueueV_3.release.xcconfig */;
			buildSettings = {
				ASSETCATALOG_COMPILER_APPICON_NAME = AppIcon;
				ASSETCATALOG_COMPILER_GLOBAL_ACCENT_COLOR_NAME = AccentColor;
				CODE_SIGN_STYLE = Automatic;
				DEVELOPMENT_TEAM = 93TAG27MAJ;
				INFOPLIST_FILE = ClientQueueV_3/Info.plist;
				LD_RUNPATH_SEARCH_PATHS = (
					"$(inherited)",
					"@executable_path/Frameworks",
				);
				PRODUCT_BUNDLE_IDENTIFIER = "com.GroverTech.ClientQueueV-3";
				PRODUCT_NAME = "$(TARGET_NAME)";
				SWIFT_VERSION = 5.0;
				TARGETED_DEVICE_FAMILY = "1,2";
			};
			name = Release;
		};
		09EBDE9126BB2BD2003A060B /* Debug */ = {
			isa = XCBuildConfiguration;
			baseConfigurationReference = F7D263A027B9861F8D137883 /* Pods-ClientQueueV_3Tests.debug.xcconfig */;
			buildSettings = {
				ALWAYS_EMBED_SWIFT_STANDARD_LIBRARIES = YES;
				BUNDLE_LOADER = "$(TEST_HOST)";
				CODE_SIGN_STYLE = Automatic;
				DEVELOPMENT_TEAM = 93TAG27MAJ;
				INFOPLIST_FILE = ClientQueueV_3Tests/Info.plist;
				IPHONEOS_DEPLOYMENT_TARGET = 14.5;
				LD_RUNPATH_SEARCH_PATHS = (
					"$(inherited)",
					"@executable_path/Frameworks",
					"@loader_path/Frameworks",
				);
				PRODUCT_BUNDLE_IDENTIFIER = "com.GroverTech.ClientQueueV-3Tests";
				PRODUCT_NAME = "$(TARGET_NAME)";
				SWIFT_VERSION = 5.0;
				TARGETED_DEVICE_FAMILY = "1,2";
				TEST_HOST = "$(BUILT_PRODUCTS_DIR)/ClientQueueV_3.app/ClientQueueV_3";
			};
			name = Debug;
		};
		09EBDE9226BB2BD2003A060B /* Release */ = {
			isa = XCBuildConfiguration;
			baseConfigurationReference = 31FD5E7E421BFC622B51C412 /* Pods-ClientQueueV_3Tests.release.xcconfig */;
			buildSettings = {
				ALWAYS_EMBED_SWIFT_STANDARD_LIBRARIES = YES;
				BUNDLE_LOADER = "$(TEST_HOST)";
				CODE_SIGN_STYLE = Automatic;
				DEVELOPMENT_TEAM = 93TAG27MAJ;
				INFOPLIST_FILE = ClientQueueV_3Tests/Info.plist;
				IPHONEOS_DEPLOYMENT_TARGET = 14.5;
				LD_RUNPATH_SEARCH_PATHS = (
					"$(inherited)",
					"@executable_path/Frameworks",
					"@loader_path/Frameworks",
				);
				PRODUCT_BUNDLE_IDENTIFIER = "com.GroverTech.ClientQueueV-3Tests";
				PRODUCT_NAME = "$(TARGET_NAME)";
				SWIFT_VERSION = 5.0;
				TARGETED_DEVICE_FAMILY = "1,2";
				TEST_HOST = "$(BUILT_PRODUCTS_DIR)/ClientQueueV_3.app/ClientQueueV_3";
			};
			name = Release;
		};
		09EBDE9426BB2BD2003A060B /* Debug */ = {
			isa = XCBuildConfiguration;
			baseConfigurationReference = 2F9428A3C6FC000F15480924 /* Pods-ClientQueueV_3-ClientQueueV_3UITests.debug.xcconfig */;
			buildSettings = {
				ALWAYS_EMBED_SWIFT_STANDARD_LIBRARIES = YES;
				CODE_SIGN_STYLE = Automatic;
				DEVELOPMENT_TEAM = 93TAG27MAJ;
				INFOPLIST_FILE = ClientQueueV_3UITests/Info.plist;
				LD_RUNPATH_SEARCH_PATHS = (
					"$(inherited)",
					"@executable_path/Frameworks",
					"@loader_path/Frameworks",
				);
				PRODUCT_BUNDLE_IDENTIFIER = "com.GroverTech.ClientQueueV-3UITests";
				PRODUCT_NAME = "$(TARGET_NAME)";
				SWIFT_VERSION = 5.0;
				TARGETED_DEVICE_FAMILY = "1,2";
				TEST_TARGET_NAME = ClientQueueV_3;
			};
			name = Debug;
		};
		09EBDE9526BB2BD2003A060B /* Release */ = {
			isa = XCBuildConfiguration;
			baseConfigurationReference = 25F9B781E2E798AA41C3498B /* Pods-ClientQueueV_3-ClientQueueV_3UITests.release.xcconfig */;
			buildSettings = {
				ALWAYS_EMBED_SWIFT_STANDARD_LIBRARIES = YES;
				CODE_SIGN_STYLE = Automatic;
				DEVELOPMENT_TEAM = 93TAG27MAJ;
				INFOPLIST_FILE = ClientQueueV_3UITests/Info.plist;
				LD_RUNPATH_SEARCH_PATHS = (
					"$(inherited)",
					"@executable_path/Frameworks",
					"@loader_path/Frameworks",
				);
				PRODUCT_BUNDLE_IDENTIFIER = "com.GroverTech.ClientQueueV-3UITests";
				PRODUCT_NAME = "$(TARGET_NAME)";
				SWIFT_VERSION = 5.0;
				TARGETED_DEVICE_FAMILY = "1,2";
				TEST_TARGET_NAME = ClientQueueV_3;
			};
			name = Release;
		};
/* End XCBuildConfiguration section */

/* Begin XCConfigurationList section */
		09EBDE5E26BB2BD0003A060B /* Build configuration list for PBXProject "ClientQueueV_3" */ = {
			isa = XCConfigurationList;
			buildConfigurations = (
				09EBDE8B26BB2BD2003A060B /* Debug */,
				09EBDE8C26BB2BD2003A060B /* Release */,
			);
			defaultConfigurationIsVisible = 0;
			defaultConfigurationName = Release;
		};
		09EBDE8D26BB2BD2003A060B /* Build configuration list for PBXNativeTarget "ClientQueueV_3" */ = {
			isa = XCConfigurationList;
			buildConfigurations = (
				09EBDE8E26BB2BD2003A060B /* Debug */,
				09EBDE8F26BB2BD2003A060B /* Release */,
			);
			defaultConfigurationIsVisible = 0;
			defaultConfigurationName = Release;
		};
		09EBDE9026BB2BD2003A060B /* Build configuration list for PBXNativeTarget "ClientQueueV_3Tests" */ = {
			isa = XCConfigurationList;
			buildConfigurations = (
				09EBDE9126BB2BD2003A060B /* Debug */,
				09EBDE9226BB2BD2003A060B /* Release */,
			);
			defaultConfigurationIsVisible = 0;
			defaultConfigurationName = Release;
		};
		09EBDE9326BB2BD2003A060B /* Build configuration list for PBXNativeTarget "ClientQueueV_3UITests" */ = {
			isa = XCConfigurationList;
			buildConfigurations = (
				09EBDE9426BB2BD2003A060B /* Debug */,
				09EBDE9526BB2BD2003A060B /* Release */,
			);
			defaultConfigurationIsVisible = 0;
			defaultConfigurationName = Release;
		};
/* End XCConfigurationList section */
	};
	rootObject = 09EBDE5B26BB2BD0003A060B /* Project object */;
}
